// !$*UTF8*$!
{
	archiveVersion = 1;
	classes = {
	};
	objectVersion = 77;
	objects = {

/* Begin PBXBuildFile section */
		0ADAFCE3988C3032083647DA /* EmptyStateView.swift in Sources */ = {isa = PBXBuildFile; fileRef = FDD1747FF9474AFBCFADB01A /* EmptyStateView.swift */; };
		121A23EE4BB2E0B6925C5C81 /* Assets.xcassets in Resources */ = {isa = PBXBuildFile; fileRef = "TEMP_73952B5F-0386-4F34-A17B-75C812533123" /* Assets.xcassets */; };
		290D555D6D068E0FD4F5F60B /* ConvertSDKDemoApp.swift in Sources */ = {isa = PBXBuildFile; fileRef = "TEMP_E99E0F19-688A-460C-BB86-F1046BBCB1C3" /* ConvertSDKDemoApp.swift */; };
		2E8842887636AF41750AD222 /* ExperiencesView.swift in Sources */ = {isa = PBXBuildFile; fileRef = 7BF14F37B839C0CAC6E6D11A /* ExperiencesView.swift */; };
		319F428C0C7796550A3D0E68 /* ConfigView.swift in Sources */ = {isa = PBXBuildFile; fileRef = A4EBF5A1738FAD6CB35F9251 /* ConfigView.swift */; };
		5ABB54AE4D3E168525C35056 /* DemoViewModel.swift in Sources */ = {isa = PBXBuildFile; fileRef = 4EDF0919BCF0E1B2D1C0E2ED /* DemoViewModel.swift */; };
		654B5A2E1E7A529A73906665 /* ConvertTheme.swift in Sources */ = {isa = PBXBuildFile; fileRef = F2D82966B51B7D2FB7E5E807 /* ConvertTheme.swift */; };
		758A693381B10660CE13638B /* ConversionsView.swift in Sources */ = {isa = PBXBuildFile; fileRef = 068D527CF906CF4AD9CB94D8 /* ConversionsView.swift */; };
		7DCB63BE1F8148E9AEA79D44 /* OfflineView.swift in Sources */ = {isa = PBXBuildFile; fileRef = 2755A46B802AA91557509FB3 /* OfflineView.swift */; };
		833C7553E433EC459DA32695 /* InspectorEvent.swift in Sources */ = {isa = PBXBuildFile; fileRef = 532237ECDD6A745AABAFEA65 /* InspectorEvent.swift */; };
		A8DCEE52E896821F4BAC7F43 /* ConvertSDK in Frameworks */ = {isa = PBXBuildFile; productRef = C1B34C63E92430822E0E4606 /* ConvertSDK */; };
		AFF1038A1622E8DC10C9176A /* FeaturesView.swift in Sources */ = {isa = PBXBuildFile; fileRef = 067B20B8B117A389625AE986 /* FeaturesView.swift */; };
		B8CB7EEC1796C51C39A718C1 /* InspectorToolbar.swift in Sources */ = {isa = PBXBuildFile; fileRef = BFFC15F97DCBB23D5D64DFCB /* InspectorToolbar.swift */; };
		C71E5F4B50398C2C4C1C9088 /* ContentView.swift in Sources */ = {isa = PBXBuildFile; fileRef = "TEMP_54A08C23-9964-4D1C-8BB1-221FF42BE3F1" /* ContentView.swift */; };
		D1BF82426AA9956A68A8E44A /* StatusBadge.swift in Sources */ = {isa = PBXBuildFile; fileRef = 37AF0B6D9A82E70CAD8568F2 /* StatusBadge.swift */; };
		EA3FB463D99BCFED14D7199E /* EventInspectorSheet.swift in Sources */ = {isa = PBXBuildFile; fileRef = DFABB0412EC78B65CD0D56A5 /* EventInspectorSheet.swift */; };
		FF6DFE9D2E966A8221A5DCE3 /* ConfigState.swift in Sources */ = {isa = PBXBuildFile; fileRef = B26FB3ECD39557B4BD82B372 /* ConfigState.swift */; };
/* End PBXBuildFile section */

/* Begin PBXFileReference section */
		067B20B8B117A389625AE986 /* FeaturesView.swift */ = {isa = PBXFileReference; lastKnownFileType = sourcecode.swift; path = FeaturesView.swift; sourceTree = "<group>"; };
		068D527CF906CF4AD9CB94D8 /* ConversionsView.swift */ = {isa = PBXFileReference; lastKnownFileType = sourcecode.swift; path = ConversionsView.swift; sourceTree = "<group>"; };
		2755A46B802AA91557509FB3 /* OfflineView.swift */ = {isa = PBXFileReference; lastKnownFileType = sourcecode.swift; path = OfflineView.swift; sourceTree = "<group>"; };
		37AF0B6D9A82E70CAD8568F2 /* StatusBadge.swift */ = {isa = PBXFileReference; lastKnownFileType = sourcecode.swift; path = StatusBadge.swift; sourceTree = "<group>"; };
		4EDF0919BCF0E1B2D1C0E2ED /* DemoViewModel.swift */ = {isa = PBXFileReference; lastKnownFileType = sourcecode.swift; path = DemoViewModel.swift; sourceTree = "<group>"; };
		532237ECDD6A745AABAFEA65 /* InspectorEvent.swift */ = {isa = PBXFileReference; lastKnownFileType = sourcecode.swift; path = InspectorEvent.swift; sourceTree = "<group>"; };
		7BF14F37B839C0CAC6E6D11A /* ExperiencesView.swift */ = {isa = PBXFileReference; lastKnownFileType = sourcecode.swift; path = ExperiencesView.swift; sourceTree = "<group>"; };
		A4EBF5A1738FAD6CB35F9251 /* ConfigView.swift */ = {isa = PBXFileReference; lastKnownFileType = sourcecode.swift; path = ConfigView.swift; sourceTree = "<group>"; };
		AF13F0EEA6533675ECE2C8A0 /* ios-sdk */ = {isa = PBXFileReference; lastKnownFileType = folder; name = "ios-sdk"; path = ../..; sourceTree = SOURCE_ROOT; };
		B26FB3ECD39557B4BD82B372 /* ConfigState.swift */ = {isa = PBXFileReference; lastKnownFileType = sourcecode.swift; path = ConfigState.swift; sourceTree = "<group>"; };
		BBFC7650CAEFF8E3A68D7790 /* ConvertSDKDemo.app */ = {isa = PBXFileReference; includeInIndex = 0; lastKnownFileType = wrapper.application; path = ConvertSDKDemo.app; sourceTree = BUILT_PRODUCTS_DIR; };
		BFFC15F97DCBB23D5D64DFCB /* InspectorToolbar.swift */ = {isa = PBXFileReference; lastKnownFileType = sourcecode.swift; path = InspectorToolbar.swift; sourceTree = "<group>"; };
		DFABB0412EC78B65CD0D56A5 /* EventInspectorSheet.swift */ = {isa = PBXFileReference; lastKnownFileType = sourcecode.swift; path = EventInspectorSheet.swift; sourceTree = "<group>"; };
		F2D82966B51B7D2FB7E5E807 /* ConvertTheme.swift */ = {isa = PBXFileReference; lastKnownFileType = sourcecode.swift; path = ConvertTheme.swift; sourceTree = "<group>"; };
		FDD1747FF9474AFBCFADB01A /* EmptyStateView.swift */ = {isa = PBXFileReference; lastKnownFileType = sourcecode.swift; path = EmptyStateView.swift; sourceTree = "<group>"; };
		"TEMP_54A08C23-9964-4D1C-8BB1-221FF42BE3F1" /* ContentView.swift */ = {isa = PBXFileReference; lastKnownFileType = sourcecode.swift; path = ContentView.swift; sourceTree = "<group>"; };
		"TEMP_73952B5F-0386-4F34-A17B-75C812533123" /* Assets.xcassets */ = {isa = PBXFileReference; lastKnownFileType = folder.assetcatalog; path = Assets.xcassets; sourceTree = "<group>"; };
		"TEMP_E99E0F19-688A-460C-BB86-F1046BBCB1C3" /* ConvertSDKDemoApp.swift */ = {isa = PBXFileReference; lastKnownFileType = sourcecode.swift; path = ConvertSDKDemoApp.swift; sourceTree = "<group>"; };
/* End PBXFileReference section */

/* Begin PBXFrameworksBuildPhase section */
		4F955C556325EC914C48F8F4 /* Frameworks */ = {
			isa = PBXFrameworksBuildPhase;
			buildActionMask = 2147483647;
			files = (
				A8DCEE52E896821F4BAC7F43 /* ConvertSDK in Frameworks */,
			);
			runOnlyForDeploymentPostprocessing = 0;
		};
/* End PBXFrameworksBuildPhase section */

/* Begin PBXGroup section */
		04DE7355E54470304CC39D0F /* Theme */ = {
			isa = PBXGroup;
			children = (
				F2D82966B51B7D2FB7E5E807 /* ConvertTheme.swift */,
			);
			path = Theme;
			sourceTree = "<group>";
		};
		22037CC48B47145E8028054D /* Components */ = {
			isa = PBXGroup;
			children = (
				37AF0B6D9A82E70CAD8568F2 /* StatusBadge.swift */,
			);
			path = Components;
			sourceTree = "<group>";
		};
		2BB4597078C45D14D92BC818 /* Tabs */ = {
			isa = PBXGroup;
			children = (
				A4EBF5A1738FAD6CB35F9251 /* ConfigView.swift */,
				068D527CF906CF4AD9CB94D8 /* ConversionsView.swift */,
				FDD1747FF9474AFBCFADB01A /* EmptyStateView.swift */,
				7BF14F37B839C0CAC6E6D11A /* ExperiencesView.swift */,
				067B20B8B117A389625AE986 /* FeaturesView.swift */,
				BFFC15F97DCBB23D5D64DFCB /* InspectorToolbar.swift */,
				2755A46B802AA91557509FB3 /* OfflineView.swift */,
			);
			path = Tabs;
			sourceTree = "<group>";
		};
		3C04AAE665F5452EF9932436 /* Inspector */ = {
			isa = PBXGroup;
			children = (
				DFABB0412EC78B65CD0D56A5 /* EventInspectorSheet.swift */,
			);
			path = Inspector;
			sourceTree = "<group>";
		};
		92763DF5EDD1D488336137DF /* Products */ = {
			isa = PBXGroup;
			children = (
				BBFC7650CAEFF8E3A68D7790 /* ConvertSDKDemo.app */,
			);
			name = Products;
			sourceTree = "<group>";
		};
		B899C63A8459DBD0BFBC3DCA /* Packages */ = {
			isa = PBXGroup;
			children = (
				AF13F0EEA6533675ECE2C8A0 /* ios-sdk */,
			);
			name = Packages;
			sourceTree = "<group>";
		};
		C5EB73E3D49242078352C284 /* Model */ = {
			isa = PBXGroup;
			children = (
				B26FB3ECD39557B4BD82B372 /* ConfigState.swift */,
				4EDF0919BCF0E1B2D1C0E2ED /* DemoViewModel.swift */,
				532237ECDD6A745AABAFEA65 /* InspectorEvent.swift */,
			);
			path = Model;
			sourceTree = "<group>";
		};
		CA13E13C29FB398FACD71910 = {
			isa = PBXGroup;
			children = (
				22037CC48B47145E8028054D /* Components */,
				3C04AAE665F5452EF9932436 /* Inspector */,
				C5EB73E3D49242078352C284 /* Model */,
				B899C63A8459DBD0BFBC3DCA /* Packages */,
				2BB4597078C45D14D92BC818 /* Tabs */,
				04DE7355E54470304CC39D0F /* Theme */,
				92763DF5EDD1D488336137DF /* Products */,
			);
			sourceTree = "<group>";
		};
		"TEMP_CC35EADF-CE8F-491E-97C9-24B7346BCDDA" /* . */ = {
			isa = PBXGroup;
			children = (
				"TEMP_73952B5F-0386-4F34-A17B-75C812533123" /* Assets.xcassets */,
				"TEMP_54A08C23-9964-4D1C-8BB1-221FF42BE3F1" /* ContentView.swift */,
				"TEMP_E99E0F19-688A-460C-BB86-F1046BBCB1C3" /* ConvertSDKDemoApp.swift */,
				2BB4597078C45D14D92BC818 /* Tabs */,
				3C04AAE665F5452EF9932436 /* Inspector */,
				22037CC48B47145E8028054D /* Components */,
				04DE7355E54470304CC39D0F /* Theme */,
				C5EB73E3D49242078352C284 /* Model */,
			);
			name = .;
			path = .;
			sourceTree = "<group>";
		};
/* End PBXGroup section */

/* Begin PBXNativeTarget section */
		B2497CAD300B5651B4FB718D /* ConvertSDKDemo */ = {
			isa = PBXNativeTarget;
			buildConfigurationList = 5E96A608AAA19DCB3D6D43FF /* Build configuration list for PBXNativeTarget "ConvertSDKDemo" */;
			buildPhases = (
				077F69D1BC94AF5EB60FB60C /* Sources */,
				01B7B03FE626B87D46CC74D9 /* Resources */,
				4F955C556325EC914C48F8F4 /* Frameworks */,
			);
			buildRules = (
			);
			dependencies = (
			);
			name = ConvertSDKDemo;
			packageProductDependencies = (
				C1B34C63E92430822E0E4606 /* ConvertSDK */,
			);
			productName = ConvertSDKDemo;
			productReference = BBFC7650CAEFF8E3A68D7790 /* ConvertSDKDemo.app */;
			productType = "com.apple.product-type.application";
		};
/* End PBXNativeTarget section */

/* Begin PBXProject section */
		D83DE48DEA89754690D61158 /* Project object */ = {
			isa = PBXProject;
			attributes = {
				BuildIndependentTargetsInParallel = YES;
				LastUpgradeCheck = 1430;
				TargetAttributes = {
				};
			};
			buildConfigurationList = BCB9C00E3EBDB6DF7EB29440 /* Build configuration list for PBXProject "ConvertSDKDemo" */;
			developmentRegion = en;
			hasScannedForEncodings = 0;
			knownRegions = (
				Base,
				en,
			);
			mainGroup = CA13E13C29FB398FACD71910;
			minimizedProjectReferenceProxies = 1;
			packageReferences = (
				DC074873E88FB6F574B4DDDD /* XCLocalSwiftPackageReference "../..//" */,
			);
			preferredProjectObjectVersion = 77;
			productRefGroup = 92763DF5EDD1D488336137DF /* Products */;
			projectDirPath = "";
			projectRoot = "";
			targets = (
				B2497CAD300B5651B4FB718D /* ConvertSDKDemo */,
			);
		};
/* End PBXProject section */

/* Begin PBXResourcesBuildPhase section */
		01B7B03FE626B87D46CC74D9 /* Resources */ = {
			isa = PBXResourcesBuildPhase;
			buildActionMask = 2147483647;
			files = (
				121A23EE4BB2E0B6925C5C81 /* Assets.xcassets in Resources */,
			);
			runOnlyForDeploymentPostprocessing = 0;
		};
/* End PBXResourcesBuildPhase section */

/* Begin PBXSourcesBuildPhase section */
		077F69D1BC94AF5EB60FB60C /* Sources */ = {
			isa = PBXSourcesBuildPhase;
			buildActionMask = 2147483647;
			files = (
				FF6DFE9D2E966A8221A5DCE3 /* ConfigState.swift in Sources */,
				319F428C0C7796550A3D0E68 /* ConfigView.swift in Sources */,
				C71E5F4B50398C2C4C1C9088 /* ContentView.swift in Sources */,
				758A693381B10660CE13638B /* ConversionsView.swift in Sources */,
				290D555D6D068E0FD4F5F60B /* ConvertSDKDemoApp.swift in Sources */,
				654B5A2E1E7A529A73906665 /* ConvertTheme.swift in Sources */,
				5ABB54AE4D3E168525C35056 /* DemoViewModel.swift in Sources */,
				0ADAFCE3988C3032083647DA /* EmptyStateView.swift in Sources */,
				EA3FB463D99BCFED14D7199E /* EventInspectorSheet.swift in Sources */,
				2E8842887636AF41750AD222 /* ExperiencesView.swift in Sources */,
				AFF1038A1622E8DC10C9176A /* FeaturesView.swift in Sources */,
				833C7553E433EC459DA32695 /* InspectorEvent.swift in Sources */,
				B8CB7EEC1796C51C39A718C1 /* InspectorToolbar.swift in Sources */,
				7DCB63BE1F8148E9AEA79D44 /* OfflineView.swift in Sources */,
				D1BF82426AA9956A68A8E44A /* StatusBadge.swift in Sources */,
			);
			runOnlyForDeploymentPostprocessing = 0;
		};
/* End PBXSourcesBuildPhase section */

/* Begin XCBuildConfiguration section */
		290EC1FF3336DF1614090F52 /* Debug */ = {
			isa = XCBuildConfiguration;
			buildSettings = {
				ALWAYS_SEARCH_USER_PATHS = NO;
				CLANG_ANALYZER_NONNULL = YES;
				CLANG_ANALYZER_NUMBER_OBJECT_CONVERSION = YES_AGGRESSIVE;
				CLANG_CXX_LANGUAGE_STANDARD = "gnu++14";
				CLANG_CXX_LIBRARY = "libc++";
				CLANG_ENABLE_MODULES = YES;
				CLANG_ENABLE_OBJC_ARC = YES;
				CLANG_ENABLE_OBJC_WEAK = YES;
				CLANG_WARN_BLOCK_CAPTURE_AUTORELEASING = YES;
				CLANG_WARN_BOOL_CONVERSION = YES;
				CLANG_WARN_COMMA = YES;
				CLANG_WARN_CONSTANT_CONVERSION = YES;
				CLANG_WARN_DEPRECATED_OBJC_IMPLEMENTATIONS = YES;
				CLANG_WARN_DIRECT_OBJC_ISA_USAGE = YES_ERROR;
				CLANG_WARN_DOCUMENTATION_COMMENTS = YES;
				CLANG_WARN_EMPTY_BODY = YES;
				CLANG_WARN_ENUM_CONVERSION = YES;
				CLANG_WARN_INFINITE_RECURSION = YES;
				CLANG_WARN_INT_CONVERSION = YES;
				CLANG_WARN_NON_LITERAL_NULL_CONVERSION = YES;
				CLANG_WARN_OBJC_IMPLICIT_RETAIN_SELF = YES;
				CLANG_WARN_OBJC_LITERAL_CONVERSION = YES;
				CLANG_WARN_OBJC_ROOT_CLASS = YES_ERROR;
				CLANG_WARN_QUOTED_INCLUDE_IN_FRAMEWORK_HEADER = YES;
				CLANG_WARN_RANGE_LOOP_ANALYSIS = YES;
				CLANG_WARN_STRICT_PROTOTYPES = YES;
				CLANG_WARN_SUSPICIOUS_MOVE = YES;
				CLANG_WARN_UNGUARDED_AVAILABILITY = YES_AGGRESSIVE;
				CLANG_WARN_UNREACHABLE_CODE = YES;
				CLANG_WARN__DUPLICATE_METHOD_MATCH = YES;
				COPY_PHASE_STRIP = NO;
				DEBUG_INFORMATION_FORMAT = dwarf;
				ENABLE_STRICT_OBJC_MSGSEND = YES;
				ENABLE_TESTABILITY = YES;
				GCC_C_LANGUAGE_STANDARD = gnu11;
				GCC_DYNAMIC_NO_PIC = NO;
				GCC_NO_COMMON_BLOCKS = YES;
				GCC_OPTIMIZATION_LEVEL = 0;
				GCC_PREPROCESSOR_DEFINITIONS = (
					"$(inherited)",
					"DEBUG=1",
				);
				GCC_WARN_64_TO_32_BIT_CONVERSION = YES;
				GCC_WARN_ABOUT_RETURN_TYPE = YES_ERROR;
				GCC_WARN_UNDECLARED_SELECTOR = YES;
				GCC_WARN_UNINITIALIZED_AUTOS = YES_AGGRESSIVE;
				GCC_WARN_UNUSED_FUNCTION = YES;
				GCC_WARN_UNUSED_VARIABLE = YES;
				IPHONEOS_DEPLOYMENT_TARGET = 15.0;
				MTL_ENABLE_DEBUG_INFO = INCLUDE_SOURCE;
				MTL_FAST_MATH = YES;
				ONLY_ACTIVE_ARCH = YES;
				PRODUCT_NAME = "$(TARGET_NAME)";
				SDKROOT = iphoneos;
				SWIFT_ACTIVE_COMPILATION_CONDITIONS = DEBUG;
				SWIFT_OPTIMIZATION_LEVEL = "-Onone";
				SWIFT_VERSION = 5.0;
			};
			name = Debug;
		};
		4A8BF56B8BFF718D6B9C60B8 /* Release */ = {
			isa = XCBuildConfiguration;
			buildSettings = {
				ALWAYS_SEARCH_USER_PATHS = NO;
				CLANG_ANALYZER_NONNULL = YES;
				CLANG_ANALYZER_NUMBER_OBJECT_CONVERSION = YES_AGGRESSIVE;
				CLANG_CXX_LANGUAGE_STANDARD = "gnu++14";
				CLANG_CXX_LIBRARY = "libc++";
				CLANG_ENABLE_MODULES = YES;
				CLANG_ENABLE_OBJC_ARC = YES;
				CLANG_ENABLE_OBJC_WEAK = YES;
				CLANG_WARN_BLOCK_CAPTURE_AUTORELEASING = YES;
				CLANG_WARN_BOOL_CONVERSION = YES;
				CLANG_WARN_COMMA = YES;
				CLANG_WARN_CONSTANT_CONVERSION = YES;
				CLANG_WARN_DEPRECATED_OBJC_IMPLEMENTATIONS = YES;
				CLANG_WARN_DIRECT_OBJC_ISA_USAGE = YES_ERROR;
				CLANG_WARN_DOCUMENTATION_COMMENTS = YES;
				CLANG_WARN_EMPTY_BODY = YES;
				CLANG_WARN_ENUM_CONVERSION = YES;
				CLANG_WARN_INFINITE_RECURSION = YES;
				CLANG_WARN_INT_CONVERSION = YES;
				CLANG_WARN_NON_LITERAL_NULL_CONVERSION = YES;
				CLANG_WARN_OBJC_IMPLICIT_RETAIN_SELF = YES;
				CLANG_WARN_OBJC_LITERAL_CONVERSION = YES;
				CLANG_WARN_OBJC_ROOT_CLASS = YES_ERROR;
				CLANG_WARN_QUOTED_INCLUDE_IN_FRAMEWORK_HEADER = YES;
				CLANG_WARN_RANGE_LOOP_ANALYSIS = YES;
				CLANG_WARN_STRICT_PROTOTYPES = YES;
				CLANG_WARN_SUSPICIOUS_MOVE = YES;
				CLANG_WARN_UNGUARDED_AVAILABILITY = YES_AGGRESSIVE;
				CLANG_WARN_UNREACHABLE_CODE = YES;
				CLANG_WARN__DUPLICATE_METHOD_MATCH = YES;
				COPY_PHASE_STRIP = NO;
				DEBUG_INFORMATION_FORMAT = "dwarf-with-dsym";
				ENABLE_NS_ASSERTIONS = NO;
				ENABLE_STRICT_OBJC_MSGSEND = YES;
				GCC_C_LANGUAGE_STANDARD = gnu11;
				GCC_NO_COMMON_BLOCKS = YES;
				GCC_WARN_64_TO_32_BIT_CONVERSION = YES;
				GCC_WARN_ABOUT_RETURN_TYPE = YES_ERROR;
				GCC_WARN_UNDECLARED_SELECTOR = YES;
				GCC_WARN_UNINITIALIZED_AUTOS = YES_AGGRESSIVE;
				GCC_WARN_UNUSED_FUNCTION = YES;
				GCC_WARN_UNUSED_VARIABLE = YES;
				IPHONEOS_DEPLOYMENT_TARGET = 15.0;
				MTL_ENABLE_DEBUG_INFO = NO;
				MTL_FAST_MATH = YES;
				PRODUCT_NAME = "$(TARGET_NAME)";
				SDKROOT = iphoneos;
				SWIFT_COMPILATION_MODE = wholemodule;
				SWIFT_OPTIMIZATION_LEVEL = "-O";
				SWIFT_VERSION = 5.0;
			};
			name = Release;
		};
		D0874F7226927FD7962AC624 /* Debug */ = {
			isa = XCBuildConfiguration;
			buildSettings = {
				ASSETCATALOG_COMPILER_APPICON_NAME = AppIcon;
				ASSETCATALOG_COMPILER_GLOBAL_ACCENT_COLOR_NAME = BrandAccent;
				CODE_SIGN_IDENTITY = "iPhone Developer";
				CURRENT_PROJECT_VERSION = 1;
				GENERATE_INFOPLIST_FILE = YES;
				INFOPLIST_KEY_UIApplicationSceneManifest_Generation = YES;
				INFOPLIST_KEY_UILaunchScreen_Generation = YES;
				IPHONEOS_DEPLOYMENT_TARGET = 15.0;
				LD_RUNPATH_SEARCH_PATHS = (
					"$(inherited)",
					"@executable_path/Frameworks",
				);
				MARKETING_VERSION = 1.0;
				PRODUCT_BUNDLE_IDENTIFIER = com.convert.ConvertSDKDemo;
				SDKROOT = iphoneos;
				SWIFT_STRICT_CONCURRENCY = complete;
				SWIFT_VERSION = 6.0;
				TARGETED_DEVICE_FAMILY = "1,2";
			};
			name = Debug;
		};
		D562FBD15B1EA7A2FB555CFF /* Release */ = {
			isa = XCBuildConfiguration;
			buildSettings = {
				ASSETCATALOG_COMPILER_APPICON_NAME = AppIcon;
				ASSETCATALOG_COMPILER_GLOBAL_ACCENT_COLOR_NAME = BrandAccent;
				CODE_SIGN_IDENTITY = "iPhone Developer";
				CURRENT_PROJECT_VERSION = 1;
				GENERATE_INFOPLIST_FILE = YES;
				INFOPLIST_KEY_UIApplicationSceneManifest_Generation = YES;
				INFOPLIST_KEY_UILaunchScreen_Generation = YES;
				IPHONEOS_DEPLOYMENT_TARGET = 15.0;
				LD_RUNPATH_SEARCH_PATHS = (
					"$(inherited)",
					"@executable_path/Frameworks",
				);
				MARKETING_VERSION = 1.0;
				PRODUCT_BUNDLE_IDENTIFIER = com.convert.ConvertSDKDemo;
				SDKROOT = iphoneos;
				SWIFT_STRICT_CONCURRENCY = complete;
				SWIFT_VERSION = 6.0;
				TARGETED_DEVICE_FAMILY = "1,2";
			};
			name = Release;
		};
/* End XCBuildConfiguration section */

/* Begin XCConfigurationList section */
		5E96A608AAA19DCB3D6D43FF /* Build configuration list for PBXNativeTarget "ConvertSDKDemo" */ = {
			isa = XCConfigurationList;
			buildConfigurations = (
				D0874F7226927FD7962AC624 /* Debug */,
				D562FBD15B1EA7A2FB555CFF /* Release */,
			);
			defaultConfigurationIsVisible = 0;
			defaultConfigurationName = Debug;
		};
		BCB9C00E3EBDB6DF7EB29440 /* Build configuration list for PBXProject "ConvertSDKDemo" */ = {
			isa = XCConfigurationList;
			buildConfigurations = (
				290EC1FF3336DF1614090F52 /* Debug */,
				4A8BF56B8BFF718D6B9C60B8 /* Release */,
			);
			defaultConfigurationIsVisible = 0;
			defaultConfigurationName = Debug;
		};
/* End XCConfigurationList section */

/* Begin XCLocalSwiftPackageReference section */
		DC074873E88FB6F574B4DDDD /* XCLocalSwiftPackageReference "../..//" */ = {
			isa = XCLocalSwiftPackageReference;
			relativePath = "../..//";
		};
/* End XCLocalSwiftPackageReference section */

/* Begin XCSwiftPackageProductDependency section */
		C1B34C63E92430822E0E4606 /* ConvertSDK */ = {
			isa = XCSwiftPackageProductDependency;
			productName = ConvertSDK;
		};
/* End XCSwiftPackageProductDependency section */
	};
	rootObject = D83DE48DEA89754690D61158 /* Project object */;
}
